
Microsoft Visual Studio Solution File, Format Version 12.00
# Visual Studio Version 17
VisualStudioVersion = 17.7.33808.371
MinimumVisualStudioVersion = 10.0.40219.1
Project("{FAE04EC0-301F-11D3-BF4B-00C04F79EFBC}") = "TodoListBlazorServer", "TodoListBlazorServer\TodoListBlazorServer.csproj", "{2D953E4A-3A59-4AB3-9800-F23402C4CAA0}"
EndProject
Project("{FAE04EC0-301F-11D3-BF4B-00C04F79EFBC}") = "TodoListBlazorWasm", "TodoListBlazorWasm\TodoListBlazorWasm.csproj", "{90F17376-6297-439A-BDA6-E1E65CFBC884}"
EndProject
Global
	GlobalSection(SolutionConfigurationPlatforms) = preSolution
		Debug|Any CPU = Debug|Any CPU
		Release|Any CPU = Release|Any CPU
	EndGlobalSection
	GlobalSection(ProjectConfigurationPlatforms) = postSolution
		{2D953E4A-3A59-4AB3-9800-F23402C4CAA0}.Debug|Any CPU.ActiveCfg = Debug|Any CPU
		{2D953E4A-3A59-4AB3-9800-F23402C4CAA0}.Debug|Any CPU.Build.0 = Debug|Any CPU
		{2D953E4A-3A59-4AB3-9800-F23402C4CAA0}.Release|Any CPU.ActiveCfg = Release|Any CPU
		{2D953E4A-3A59-4AB3-9800-F23402C4CAA0}.Release|Any CPU.Build.0 = Release|Any CPU
		{90F17376-6297-439A-BDA6-E1E65CFBC884}.Debug|Any CPU.ActiveCfg = Debug|Any CPU
		{90F17376-6297-439A-BDA6-E1E65CFBC884}.Debug|Any CPU.Build.0 = Debug|Any CPU
		{90F17376-6297-439A-BDA6-E1E65CFBC884}.Release|Any CPU.ActiveCfg = Release|Any CPU
		{90F17376-6297-439A-BDA6-E1E65CFBC884}.Release|Any CPU.Build.0 = Release|Any CPU
	EndGlobalSection
	GlobalSection(SolutionProperties) = preSolution
		HideSolutionNode = FALSE
	EndGlobalSection
	GlobalSection(ExtensibilityGlobals) = postSolution
		SolutionGuid = {733707C4-DCF3-4FEB-8468-4334E1E6A14E}
	EndGlobalSection
EndGlobal
